
Microsoft Visual Studio Solution File, Format Version 12.00
# Visual Studio Version 17
VisualStudioVersion = 17.11.35312.102
MinimumVisualStudioVersion = 10.0.40219.1
Project("{FAE04EC0-301F-11D3-BF4B-00C04F79EFBC}") = "CandidateTest.WinForms", "CandidateTest.WinForms\CandidateTest.WinForms.csproj", "{206E0425-7CFF-4BDF-A377-AC33A87FDA00}"
EndProject
Project("{FAE04EC0-301F-11D3-BF4B-00C04F79EFBC}") = "CandidateTest.API", "CandidateTest.API\CandidateTest.API.csproj", "{67102383-0B1A-4BC5-95A1-D81C14537055}"
EndProject
Project("{FAE04EC0-301F-11D3-BF4B-00C04F79EFBC}") = "CandidateTest.Models", "CandidateTest.Models\CandidateTest.Models.csproj", "{98724B67-45FA-4423-A258-F6B1909E563F}"
EndProject
Global
	GlobalSection(SolutionConfigurationPlatforms) = preSolution
		Debug|Any CPU = Debug|Any CPU
		Release|Any CPU = Release|Any CPU
	EndGlobalSection
	GlobalSection(ProjectConfigurationPlatforms) = postSolution
		{206E0425-7CFF-4BDF-A377-AC33A87FDA00}.Debug|Any CPU.ActiveCfg = Debug|Any CPU
		{206E0425-7CFF-4BDF-A377-AC33A87FDA00}.Debug|Any CPU.Build.0 = Debug|Any CPU
		{206E0425-7CFF-4BDF-A377-AC33A87FDA00}.Release|Any CPU.ActiveCfg = Release|Any CPU
		{206E0425-7CFF-4BDF-A377-AC33A87FDA00}.Release|Any CPU.Build.0 = Release|Any CPU
		{67102383-0B1A-4BC5-95A1-D81C14537055}.Debug|Any CPU.ActiveCfg = Debug|Any CPU
		{67102383-0B1A-4BC5-95A1-D81C14537055}.Debug|Any CPU.Build.0 = Debug|Any CPU
		{67102383-0B1A-4BC5-95A1-D81C14537055}.Release|Any CPU.ActiveCfg = Release|Any CPU
		{67102383-0B1A-4BC5-95A1-D81C14537055}.Release|Any CPU.Build.0 = Release|Any CPU
		{98724B67-45FA-4423-A258-F6B1909E563F}.Debug|Any CPU.ActiveCfg = Debug|Any CPU
		{98724B67-45FA-4423-A258-F6B1909E563F}.Debug|Any CPU.Build.0 = Debug|Any CPU
		{98724B67-45FA-4423-A258-F6B1909E563F}.Release|Any CPU.ActiveCfg = Release|Any CPU
		{98724B67-45FA-4423-A258-F6B1909E563F}.Release|Any CPU.Build.0 = Release|Any CPU
	EndGlobalSection
	GlobalSection(SolutionProperties) = preSolution
		HideSolutionNode = FALSE
	EndGlobalSection
	GlobalSection(ExtensibilityGlobals) = postSolution
		SolutionGuid = {1000B003-693E-4F36-ACE6-EA5324782BD3}
	EndGlobalSection
EndGlobal
